
Microsoft Visual Studio Solution File, Format Version 12.00
# Visual Studio 2012
Project("{FAE04EC0-301F-11D3-BF4B-00C04F79EFBC}") = "MagniPi", "MagniPi\MagniPi.csproj", "{36075BB8-1A6F-4EA5-B800-15B7811CFD1A}"
	ProjectSection(ProjectDependencies) = postProject
		{FFC1DC48-5731-4846-B43E-4D9D4BD0F692} = {FFC1DC48-5731-4846-B43E-4D9D4BD0F692}
		{FF248FD8-E4CF-4C3D-B04F-C5BD85FDAC4D} = {FF248FD8-E4CF-4C3D-B04F-C5BD85FDAC4D}
	EndProjectSection
EndProject
Project("{FAE04EC0-301F-11D3-BF4B-00C04F79EFBC}") = "MagniPiBusinessEntities", "MagniPiBusinessEntities\MagniPiBusinessEntities.csproj", "{FFC1DC48-5731-4846-B43E-4D9D4BD0F692}"
EndProject
Project("{FAE04EC0-301F-11D3-BF4B-00C04F79EFBC}") = "MagniPiManager", "MagniPiManager\MagniPiManager.csproj", "{FF248FD8-E4CF-4C3D-B04F-C5BD85FDAC4D}"
	ProjectSection(ProjectDependencies) = postProject
		{FFC1DC48-5731-4846-B43E-4D9D4BD0F692} = {FFC1DC48-5731-4846-B43E-4D9D4BD0F692}
		{00F9FFBA-D42F-4B5E-9DAA-25BA57568989} = {00F9FFBA-D42F-4B5E-9DAA-25BA57568989}
	EndProjectSection
EndProject
Project("{FAE04EC0-301F-11D3-BF4B-00C04F79EFBC}") = "MagniPiDataAccess", "MagniPiDataAccess\MagniPiDataAccess.csproj", "{00F9FFBA-D42F-4B5E-9DAA-25BA57568989}"
	ProjectSection(ProjectDependencies) = postProject
		{FFC1DC48-5731-4846-B43E-4D9D4BD0F692} = {FFC1DC48-5731-4846-B43E-4D9D4BD0F692}
		{535F6862-EB28-4DF5-BDE3-499148B55E12} = {535F6862-EB28-4DF5-BDE3-499148B55E12}
	EndProjectSection
EndProject
Project("{FAE04EC0-301F-11D3-BF4B-00C04F79EFBC}") = "MagniPiHelper", "MagniPiHelper\MagniPiHelper.csproj", "{535F6862-EB28-4DF5-BDE3-499148B55E12}"
EndProject
Project("{FAE04EC0-301F-11D3-BF4B-00C04F79EFBC}") = "MagniPiEmailWorker", "MagniPiEmailWorker\MagniPiEmailWorker.csproj", "{995192F4-D05F-471E-A18F-376D6C18023B}"
EndProject
Global
	GlobalSection(SolutionConfigurationPlatforms) = preSolution
		Debug|Any CPU = Debug|Any CPU
		Release|Any CPU = Release|Any CPU
	EndGlobalSection
	GlobalSection(ProjectConfigurationPlatforms) = postSolution
		{36075BB8-1A6F-4EA5-B800-15B7811CFD1A}.Debug|Any CPU.ActiveCfg = Debug|Any CPU
		{36075BB8-1A6F-4EA5-B800-15B7811CFD1A}.Debug|Any CPU.Build.0 = Debug|Any CPU
		{36075BB8-1A6F-4EA5-B800-15B7811CFD1A}.Release|Any CPU.ActiveCfg = Release|Any CPU
		{36075BB8-1A6F-4EA5-B800-15B7811CFD1A}.Release|Any CPU.Build.0 = Release|Any CPU
		{FFC1DC48-5731-4846-B43E-4D9D4BD0F692}.Debug|Any CPU.ActiveCfg = Debug|Any CPU
		{FFC1DC48-5731-4846-B43E-4D9D4BD0F692}.Debug|Any CPU.Build.0 = Debug|Any CPU
		{FFC1DC48-5731-4846-B43E-4D9D4BD0F692}.Release|Any CPU.ActiveCfg = Release|Any CPU
		{FFC1DC48-5731-4846-B43E-4D9D4BD0F692}.Release|Any CPU.Build.0 = Release|Any CPU
		{FF248FD8-E4CF-4C3D-B04F-C5BD85FDAC4D}.Debug|Any CPU.ActiveCfg = Debug|Any CPU
		{FF248FD8-E4CF-4C3D-B04F-C5BD85FDAC4D}.Debug|Any CPU.Build.0 = Debug|Any CPU
		{FF248FD8-E4CF-4C3D-B04F-C5BD85FDAC4D}.Release|Any CPU.ActiveCfg = Release|Any CPU
		{FF248FD8-E4CF-4C3D-B04F-C5BD85FDAC4D}.Release|Any CPU.Build.0 = Release|Any CPU
		{00F9FFBA-D42F-4B5E-9DAA-25BA57568989}.Debug|Any CPU.ActiveCfg = Debug|Any CPU
		{00F9FFBA-D42F-4B5E-9DAA-25BA57568989}.Debug|Any CPU.Build.0 = Debug|Any CPU
		{00F9FFBA-D42F-4B5E-9DAA-25BA57568989}.Release|Any CPU.ActiveCfg = Release|Any CPU
		{00F9FFBA-D42F-4B5E-9DAA-25BA57568989}.Release|Any CPU.Build.0 = Release|Any CPU
		{535F6862-EB28-4DF5-BDE3-499148B55E12}.Debug|Any CPU.ActiveCfg = Debug|Any CPU
		{535F6862-EB28-4DF5-BDE3-499148B55E12}.Debug|Any CPU.Build.0 = Debug|Any CPU
		{535F6862-EB28-4DF5-BDE3-499148B55E12}.Release|Any CPU.ActiveCfg = Release|Any CPU
		{535F6862-EB28-4DF5-BDE3-499148B55E12}.Release|Any CPU.Build.0 = Release|Any CPU
		{995192F4-D05F-471E-A18F-376D6C18023B}.Debug|Any CPU.ActiveCfg = Debug|Any CPU
		{995192F4-D05F-471E-A18F-376D6C18023B}.Debug|Any CPU.Build.0 = Debug|Any CPU
		{995192F4-D05F-471E-A18F-376D6C18023B}.Release|Any CPU.ActiveCfg = Release|Any CPU
		{995192F4-D05F-471E-A18F-376D6C18023B}.Release|Any CPU.Build.0 = Release|Any CPU
	EndGlobalSection
	GlobalSection(SolutionProperties) = preSolution
		HideSolutionNode = FALSE
	EndGlobalSection
EndGlobal
